
Microsoft Visual Studio Solution File, Format Version 12.00
# Visual Studio Version 16
VisualStudioVersion = 16.0.30406.217
MinimumVisualStudioVersion = 10.0.40219.1
Project("{FAE04EC0-301F-11D3-BF4B-00C04F79EFBC}") = "TheRetinoblastomaWiki.Server", "TheRetinoblastomaWiki.Server\TheRetinoblastomaWiki.Server.csproj", "{924B9B61-C502-4F91-9F79-EEAEF0EC6453}"
EndProject
Global
	GlobalSection(SolutionConfigurationPlatforms) = preSolution
		Debug|Any CPU = Debug|Any CPU
		Release|Any CPU = Release|Any CPU
	EndGlobalSection
	GlobalSection(ProjectConfigurationPlatforms) = postSolution
		{924B9B61-C502-4F91-9F79-EEAEF0EC6453}.Debug|Any CPU.ActiveCfg = Debug|Any CPU
		{924B9B61-C502-4F91-9F79-EEAEF0EC6453}.Debug|Any CPU.Build.0 = Debug|Any CPU
		{924B9B61-C502-4F91-9F79-EEAEF0EC6453}.Release|Any CPU.ActiveCfg = Release|Any CPU
		{924B9B61-C502-4F91-9F79-EEAEF0EC6453}.Release|Any CPU.Build.0 = Release|Any CPU
	EndGlobalSection
	GlobalSection(SolutionProperties) = preSolution
		HideSolutionNode = FALSE
	EndGlobalSection
	GlobalSection(ExtensibilityGlobals) = postSolution
		SolutionGuid = {5BCF8606-F1C6-4E4B-A9DF-DD2A43C4A4D1}
	EndGlobalSection
EndGlobal
