
Microsoft Visual Studio Solution File, Format Version 12.00
# Visual Studio Version 16
VisualStudioVersion = 16.0.30406.217
MinimumVisualStudioVersion = 10.0.40219.1
Project("{FAE04EC0-301F-11D3-BF4B-00C04F79EFBC}") = "TheRetinoblastomaWiki", "TheRetinoblastomaWiki\TheRetinoblastomaWiki.csproj", "{F89EBC48-3FEF-43D9-8B3A-ACCC4EF0ADEA}"
EndProject
Global
	GlobalSection(SolutionConfigurationPlatforms) = preSolution
		Debug|Any CPU = Debug|Any CPU
		Release|Any CPU = Release|Any CPU
	EndGlobalSection
	GlobalSection(ProjectConfigurationPlatforms) = postSolution
		{F89EBC48-3FEF-43D9-8B3A-ACCC4EF0ADEA}.Debug|Any CPU.ActiveCfg = Debug|Any CPU
		{F89EBC48-3FEF-43D9-8B3A-ACCC4EF0ADEA}.Debug|Any CPU.Build.0 = Debug|Any CPU
		{F89EBC48-3FEF-43D9-8B3A-ACCC4EF0ADEA}.Release|Any CPU.ActiveCfg = Release|Any CPU
		{F89EBC48-3FEF-43D9-8B3A-ACCC4EF0ADEA}.Release|Any CPU.Build.0 = Release|Any CPU
	EndGlobalSection
	GlobalSection(SolutionProperties) = preSolution
		HideSolutionNode = FALSE
	EndGlobalSection
	GlobalSection(ExtensibilityGlobals) = postSolution
		SolutionGuid = {A2CE1133-43B6-4CAF-9C76-41D2D71D2811}
	EndGlobalSection
EndGlobal
